// !$*UTF8*$!
{
	archiveVersion = 1;
	classes = {
	};
	objectVersion = 56;
	objects = {

/* Begin PBXBuildFile section */
		3732F92A2A124E1100051201 /* SingleImageViewController.swift in Sources */ = {isa = PBXBuildFile; fileRef = 3732F9292A124E1100051201 /* SingleImageViewController.swift */; };
		374D6C262A2A6318000D59D0 /* OAuth2Service.swift in Sources */ = {isa = PBXBuildFile; fileRef = 374D6C252A2A6318000D59D0 /* OAuth2Service.swift */; };
		374D6C282A2A64FA000D59D0 /* OAuth2TokenStorage.swift in Sources */ = {isa = PBXBuildFile; fileRef = 374D6C272A2A64FA000D59D0 /* OAuth2TokenStorage.swift */; };
		374D6C2A2A2A659F000D59D0 /* OAuthTokenResponseBody.swift in Sources */ = {isa = PBXBuildFile; fileRef = 374D6C292A2A659F000D59D0 /* OAuthTokenResponseBody.swift */; };
		374D6C2D2A2A6FA9000D59D0 /* SplashViewController.swift in Sources */ = {isa = PBXBuildFile; fileRef = 374D6C2C2A2A6FA9000D59D0 /* SplashViewController.swift */; };
		375259F529FE79910062759C /* AppDelegate.swift in Sources */ = {isa = PBXBuildFile; fileRef = 375259F429FE79910062759C /* AppDelegate.swift */; };
		375259F729FE79910062759C /* SceneDelegate.swift in Sources */ = {isa = PBXBuildFile; fileRef = 375259F629FE79910062759C /* SceneDelegate.swift */; };
		375259F929FE79910062759C /* ImagesListViewController.swift in Sources */ = {isa = PBXBuildFile; fileRef = 375259F829FE79910062759C /* ImagesListViewController.swift */; };
		375259FC29FE79910062759C /* Main.storyboard in Resources */ = {isa = PBXBuildFile; fileRef = 375259FA29FE79910062759C /* Main.storyboard */; };
		375259FE29FE79920062759C /* Assets.xcassets in Resources */ = {isa = PBXBuildFile; fileRef = 375259FD29FE79920062759C /* Assets.xcassets */; };
		37525A0129FE79920062759C /* LaunchScreen.storyboard in Resources */ = {isa = PBXBuildFile; fileRef = 375259FF29FE79920062759C /* LaunchScreen.storyboard */; };
		3753F9222A20AED500288F3B /* Constants.swift in Sources */ = {isa = PBXBuildFile; fileRef = 3753F9212A20AED400288F3B /* Constants.swift */; };
		3770CB612A121CB100691185 /* ProfileViewController.swift in Sources */ = {isa = PBXBuildFile; fileRef = 3770CB602A121CB100691185 /* ProfileViewController.swift */; };
		37723AB22A01384A00A5C44D /* ImagesListCell.swift in Sources */ = {isa = PBXBuildFile; fileRef = 37723AB12A01384A00A5C44D /* ImagesListCell.swift */; };
		377C4A6C2A24AA1A00A406FD /* AuthViewController.swift in Sources */ = {isa = PBXBuildFile; fileRef = 377C4A6B2A24AA1A00A406FD /* AuthViewController.swift */; };
		377C4A6E2A24ABAD00A406FD /* WebViewViewController.swift in Sources */ = {isa = PBXBuildFile; fileRef = 377C4A6D2A24ABAD00A406FD /* WebViewViewController.swift */; };
		37D6F2092A44809B009AE093 /* SwiftKeychainWrapper in Frameworks */ = {isa = PBXBuildFile; productRef = 37D6F2082A44809B009AE093 /* SwiftKeychainWrapper */; };
		37D6F20C2A4485F6009AE093 /* TabBarController.swift in Sources */ = {isa = PBXBuildFile; fileRef = 37D6F20B2A4485F6009AE093 /* TabBarController.swift */; };
		37EFD5E72A337F1A007ADEB6 /* ProgressHUD in Frameworks */ = {isa = PBXBuildFile; productRef = 37EFD5E62A337F1A007ADEB6 /* ProgressHUD */; };
		37EFD5EA2A371AD7007ADEB6 /* UIBlockingProgressHUD.swift in Sources */ = {isa = PBXBuildFile; fileRef = 37EFD5E92A371AD7007ADEB6 /* UIBlockingProgressHUD.swift */; };
		37EFD5ED2A3720C6007ADEB6 /* ProfileService.swift in Sources */ = {isa = PBXBuildFile; fileRef = 37EFD5EC2A3720C6007ADEB6 /* ProfileService.swift */; };
		37EFD5EF2A372170007ADEB6 /* ProfileResult.swift in Sources */ = {isa = PBXBuildFile; fileRef = 37EFD5EE2A372170007ADEB6 /* ProfileResult.swift */; };
		37EFD5F12A37257E007ADEB6 /* URLSession.swift in Sources */ = {isa = PBXBuildFile; fileRef = 37EFD5F02A37257E007ADEB6 /* URLSession.swift */; };
		37EFD5F32A3725F7007ADEB6 /* ProfileImageService.swift in Sources */ = {isa = PBXBuildFile; fileRef = 37EFD5F22A3725F7007ADEB6 /* ProfileImageService.swift */; };
		37EFD5FF2A378104007ADEB6 /* Kingfisher in Frameworks */ = {isa = PBXBuildFile; productRef = 37EFD5FE2A378104007ADEB6 /* Kingfisher */; };
		37F7D1CD2A460CC70037A2D8 /* Profile.swift in Sources */ = {isa = PBXBuildFile; fileRef = 37F7D1CC2A460CC70037A2D8 /* Profile.swift */; };
/* End PBXBuildFile section */

/* Begin PBXFileReference section */
		3732F9292A124E1100051201 /* SingleImageViewController.swift */ = {isa = PBXFileReference; lastKnownFileType = sourcecode.swift; path = SingleImageViewController.swift; sourceTree = "<group>"; };
		374D6C252A2A6318000D59D0 /* OAuth2Service.swift */ = {isa = PBXFileReference; lastKnownFileType = sourcecode.swift; path = OAuth2Service.swift; sourceTree = "<group>"; };
		374D6C272A2A64FA000D59D0 /* OAuth2TokenStorage.swift */ = {isa = PBXFileReference; lastKnownFileType = sourcecode.swift; path = OAuth2TokenStorage.swift; sourceTree = "<group>"; };
		374D6C292A2A659F000D59D0 /* OAuthTokenResponseBody.swift */ = {isa = PBXFileReference; lastKnownFileType = sourcecode.swift; path = OAuthTokenResponseBody.swift; sourceTree = "<group>"; };
		374D6C2C2A2A6FA9000D59D0 /* SplashViewController.swift */ = {isa = PBXFileReference; lastKnownFileType = sourcecode.swift; path = SplashViewController.swift; sourceTree = "<group>"; };
		375259F129FE79910062759C /* ImageFeed.app */ = {isa = PBXFileReference; explicitFileType = wrapper.application; includeInIndex = 0; path = ImageFeed.app; sourceTree = BUILT_PRODUCTS_DIR; };
		375259F429FE79910062759C /* AppDelegate.swift */ = {isa = PBXFileReference; lastKnownFileType = sourcecode.swift; path = AppDelegate.swift; sourceTree = "<group>"; };
		375259F629FE79910062759C /* SceneDelegate.swift */ = {isa = PBXFileReference; lastKnownFileType = sourcecode.swift; path = SceneDelegate.swift; sourceTree = "<group>"; };
		375259F829FE79910062759C /* ImagesListViewController.swift */ = {isa = PBXFileReference; lastKnownFileType = sourcecode.swift; path = ImagesListViewController.swift; sourceTree = "<group>"; };
		375259FB29FE79910062759C /* Base */ = {isa = PBXFileReference; lastKnownFileType = file.storyboard; name = Base; path = Base.lproj/Main.storyboard; sourceTree = "<group>"; };
		375259FD29FE79920062759C /* Assets.xcassets */ = {isa = PBXFileReference; lastKnownFileType = folder.assetcatalog; path = Assets.xcassets; sourceTree = "<group>"; };
		37525A0029FE79920062759C /* Base */ = {isa = PBXFileReference; lastKnownFileType = file.storyboard; name = Base; path = Base.lproj/LaunchScreen.storyboard; sourceTree = "<group>"; };
		37525A0229FE79920062759C /* Info.plist */ = {isa = PBXFileReference; lastKnownFileType = text.plist.xml; path = Info.plist; sourceTree = "<group>"; };
		3753F9212A20AED400288F3B /* Constants.swift */ = {isa = PBXFileReference; lastKnownFileType = sourcecode.swift; path = Constants.swift; sourceTree = "<group>"; };
		3770CB602A121CB100691185 /* ProfileViewController.swift */ = {isa = PBXFileReference; lastKnownFileType = sourcecode.swift; path = ProfileViewController.swift; sourceTree = "<group>"; };
		37723AB12A01384A00A5C44D /* ImagesListCell.swift */ = {isa = PBXFileReference; lastKnownFileType = sourcecode.swift; path = ImagesListCell.swift; sourceTree = "<group>"; };
		377C4A6B2A24AA1A00A406FD /* AuthViewController.swift */ = {isa = PBXFileReference; lastKnownFileType = sourcecode.swift; path = AuthViewController.swift; sourceTree = "<group>"; };
		377C4A6D2A24ABAD00A406FD /* WebViewViewController.swift */ = {isa = PBXFileReference; lastKnownFileType = sourcecode.swift; path = WebViewViewController.swift; sourceTree = "<group>"; };
		37D6F20B2A4485F6009AE093 /* TabBarController.swift */ = {isa = PBXFileReference; lastKnownFileType = sourcecode.swift; path = TabBarController.swift; sourceTree = "<group>"; };
		37EFD5E92A371AD7007ADEB6 /* UIBlockingProgressHUD.swift */ = {isa = PBXFileReference; lastKnownFileType = sourcecode.swift; path = UIBlockingProgressHUD.swift; sourceTree = "<group>"; };
		37EFD5EC2A3720C6007ADEB6 /* ProfileService.swift */ = {isa = PBXFileReference; lastKnownFileType = sourcecode.swift; path = ProfileService.swift; sourceTree = "<group>"; };
		37EFD5EE2A372170007ADEB6 /* ProfileResult.swift */ = {isa = PBXFileReference; lastKnownFileType = sourcecode.swift; path = ProfileResult.swift; sourceTree = "<group>"; };
		37EFD5F02A37257E007ADEB6 /* URLSession.swift */ = {isa = PBXFileReference; lastKnownFileType = sourcecode.swift; path = URLSession.swift; sourceTree = "<group>"; };
		37EFD5F22A3725F7007ADEB6 /* ProfileImageService.swift */ = {isa = PBXFileReference; lastKnownFileType = sourcecode.swift; path = ProfileImageService.swift; sourceTree = "<group>"; };
		37F7D1CC2A460CC70037A2D8 /* Profile.swift */ = {isa = PBXFileReference; lastKnownFileType = sourcecode.swift; path = Profile.swift; sourceTree = "<group>"; };
/* End PBXFileReference section */

/* Begin PBXFrameworksBuildPhase section */
		375259EE29FE79910062759C /* Frameworks */ = {
			isa = PBXFrameworksBuildPhase;
			buildActionMask = 2147483647;
			files = (
				37EFD5FF2A378104007ADEB6 /* Kingfisher in Frameworks */,
				37EFD5E72A337F1A007ADEB6 /* ProgressHUD in Frameworks */,
				37D6F2092A44809B009AE093 /* SwiftKeychainWrapper in Frameworks */,
			);
			runOnlyForDeploymentPostprocessing = 0;
		};
/* End PBXFrameworksBuildPhase section */

/* Begin PBXGroup section */
		3732F9282A124E0500051201 /* SingleImageViewController */ = {
			isa = PBXGroup;
			children = (
				3732F9292A124E1100051201 /* SingleImageViewController.swift */,
			);
			path = SingleImageViewController;
			sourceTree = "<group>";
		};
		374D6C2B2A2A6F32000D59D0 /* SplashViewController */ = {
			isa = PBXGroup;
			children = (
				374D6C2C2A2A6FA9000D59D0 /* SplashViewController.swift */,
			);
			path = SplashViewController;
			sourceTree = "<group>";
		};
		375259E829FE79910062759C = {
			isa = PBXGroup;
			children = (
				375259F329FE79910062759C /* ImageFeed */,
				375259F229FE79910062759C /* Products */,
			);
			sourceTree = "<group>";
		};
		375259F229FE79910062759C /* Products */ = {
			isa = PBXGroup;
			children = (
				375259F129FE79910062759C /* ImageFeed.app */,
			);
			name = Products;
			sourceTree = "<group>";
		};
		375259F329FE79910062759C /* ImageFeed */ = {
			isa = PBXGroup;
			children = (
				37D6F20A2A4485CD009AE093 /* TabBarController */,
				37EFD5E82A371A99007ADEB6 /* Helpers */,
				377C4A6A2A24A9D000A406FD /* Auth */,
				37723AB02A01382400A5C44D /* ImagesList */,
				3770CB5F2A121C8800691185 /* Profile */,
				3732F9282A124E0500051201 /* SingleImageViewController */,
				374D6C2B2A2A6F32000D59D0 /* SplashViewController */,
				375259FA29FE79910062759C /* Main.storyboard */,
				375259FF29FE79920062759C /* LaunchScreen.storyboard */,
				375259FD29FE79920062759C /* Assets.xcassets */,
				37525A0229FE79920062759C /* Info.plist */,
			);
			path = ImageFeed;
			sourceTree = "<group>";
		};
		3770CB5F2A121C8800691185 /* Profile */ = {
			isa = PBXGroup;
			children = (
				3770CB602A121CB100691185 /* ProfileViewController.swift */,
				37EFD5EC2A3720C6007ADEB6 /* ProfileService.swift */,
				37EFD5EE2A372170007ADEB6 /* ProfileResult.swift */,
				37EFD5F22A3725F7007ADEB6 /* ProfileImageService.swift */,
				37F7D1CC2A460CC70037A2D8 /* Profile.swift */,
			);
			path = Profile;
			sourceTree = "<group>";
		};
		37723AB02A01382400A5C44D /* ImagesList */ = {
			isa = PBXGroup;
			children = (
				375259F829FE79910062759C /* ImagesListViewController.swift */,
				37723AB12A01384A00A5C44D /* ImagesListCell.swift */,
			);
			path = ImagesList;
			sourceTree = "<group>";
		};
		377C4A6A2A24A9D000A406FD /* Auth */ = {
			isa = PBXGroup;
			children = (
				377C4A6B2A24AA1A00A406FD /* AuthViewController.swift */,
				377C4A6D2A24ABAD00A406FD /* WebViewViewController.swift */,
				374D6C252A2A6318000D59D0 /* OAuth2Service.swift */,
				374D6C272A2A64FA000D59D0 /* OAuth2TokenStorage.swift */,
				374D6C292A2A659F000D59D0 /* OAuthTokenResponseBody.swift */,
			);
			path = Auth;
			sourceTree = "<group>";
		};
		37D6F20A2A4485CD009AE093 /* TabBarController */ = {
			isa = PBXGroup;
			children = (
				37D6F20B2A4485F6009AE093 /* TabBarController.swift */,
			);
			path = TabBarController;
			sourceTree = "<group>";
		};
		37EFD5E82A371A99007ADEB6 /* Helpers */ = {
			isa = PBXGroup;
			children = (
				3753F9212A20AED400288F3B /* Constants.swift */,
				375259F629FE79910062759C /* SceneDelegate.swift */,
				375259F429FE79910062759C /* AppDelegate.swift */,
				37EFD5E92A371AD7007ADEB6 /* UIBlockingProgressHUD.swift */,
				37EFD5F02A37257E007ADEB6 /* URLSession.swift */,
			);
			path = Helpers;
			sourceTree = "<group>";
		};
/* End PBXGroup section */

/* Begin PBXNativeTarget section */
		375259F029FE79910062759C /* ImageFeed */ = {
			isa = PBXNativeTarget;
			buildConfigurationList = 37525A0529FE79920062759C /* Build configuration list for PBXNativeTarget "ImageFeed" */;
			buildPhases = (
				375259ED29FE79910062759C /* Sources */,
				375259EE29FE79910062759C /* Frameworks */,
				375259EF29FE79910062759C /* Resources */,
			);
			buildRules = (
			);
			dependencies = (
			);
			name = ImageFeed;
			packageProductDependencies = (
				37EFD5E62A337F1A007ADEB6 /* ProgressHUD */,
				37EFD5FE2A378104007ADEB6 /* Kingfisher */,
				37D6F2082A44809B009AE093 /* SwiftKeychainWrapper */,
			);
			productName = ImageFeed;
			productReference = 375259F129FE79910062759C /* ImageFeed.app */;
			productType = "com.apple.product-type.application";
		};
/* End PBXNativeTarget section */

/* Begin PBXProject section */
		375259E929FE79910062759C /* Project object */ = {
			isa = PBXProject;
			attributes = {
				BuildIndependentTargetsInParallel = 1;
				LastSwiftUpdateCheck = 1430;
				LastUpgradeCheck = 1430;
				TargetAttributes = {
					375259F029FE79910062759C = {
						CreatedOnToolsVersion = 14.3;
					};
				};
			};
			buildConfigurationList = 375259EC29FE79910062759C /* Build configuration list for PBXProject "ImageFeed" */;
			compatibilityVersion = "Xcode 14.0";
			developmentRegion = en;
			hasScannedForEncodings = 0;
			knownRegions = (
				en,
				Base,
			);
			mainGroup = 375259E829FE79910062759C;
			packageReferences = (
				37EFD5E52A337F1A007ADEB6 /* XCRemoteSwiftPackageReference "ProgressHUD" */,
				37EFD5FD2A378104007ADEB6 /* XCRemoteSwiftPackageReference "Kingfisher" */,
				37D6F2072A44809B009AE093 /* XCRemoteSwiftPackageReference "SwiftKeychainWrapper" */,
			);
			productRefGroup = 375259F229FE79910062759C /* Products */;
			projectDirPath = "";
			projectRoot = "";
			targets = (
				375259F029FE79910062759C /* ImageFeed */,
			);
		};
/* End PBXProject section */

/* Begin PBXResourcesBuildPhase section */
		375259EF29FE79910062759C /* Resources */ = {
			isa = PBXResourcesBuildPhase;
			buildActionMask = 2147483647;
			files = (
				37525A0129FE79920062759C /* LaunchScreen.storyboard in Resources */,
				375259FE29FE79920062759C /* Assets.xcassets in Resources */,
				375259FC29FE79910062759C /* Main.storyboard in Resources */,
			);
			runOnlyForDeploymentPostprocessing = 0;
		};
/* End PBXResourcesBuildPhase section */

/* Begin PBXSourcesBuildPhase section */
		375259ED29FE79910062759C /* Sources */ = {
			isa = PBXSourcesBuildPhase;
			buildActionMask = 2147483647;
			files = (
				375259F929FE79910062759C /* ImagesListViewController.swift in Sources */,
				37F7D1CD2A460CC70037A2D8 /* Profile.swift in Sources */,
				37723AB22A01384A00A5C44D /* ImagesListCell.swift in Sources */,
				374D6C2A2A2A659F000D59D0 /* OAuthTokenResponseBody.swift in Sources */,
				37EFD5F12A37257E007ADEB6 /* URLSession.swift in Sources */,
				37EFD5EF2A372170007ADEB6 /* ProfileResult.swift in Sources */,
				3770CB612A121CB100691185 /* ProfileViewController.swift in Sources */,
				37D6F20C2A4485F6009AE093 /* TabBarController.swift in Sources */,
				375259F529FE79910062759C /* AppDelegate.swift in Sources */,
				374D6C282A2A64FA000D59D0 /* OAuth2TokenStorage.swift in Sources */,
				374D6C2D2A2A6FA9000D59D0 /* SplashViewController.swift in Sources */,
				377C4A6C2A24AA1A00A406FD /* AuthViewController.swift in Sources */,
				3753F9222A20AED500288F3B /* Constants.swift in Sources */,
				3732F92A2A124E1100051201 /* SingleImageViewController.swift in Sources */,
				377C4A6E2A24ABAD00A406FD /* WebViewViewController.swift in Sources */,
				374D6C262A2A6318000D59D0 /* OAuth2Service.swift in Sources */,
				375259F729FE79910062759C /* SceneDelegate.swift in Sources */,
				37EFD5F32A3725F7007ADEB6 /* ProfileImageService.swift in Sources */,
				37EFD5EA2A371AD7007ADEB6 /* UIBlockingProgressHUD.swift in Sources */,
				37EFD5ED2A3720C6007ADEB6 /* ProfileService.swift in Sources */,
			);
			runOnlyForDeploymentPostprocessing = 0;
		};
/* End PBXSourcesBuildPhase section */

/* Begin PBXVariantGroup section */
		375259FA29FE79910062759C /* Main.storyboard */ = {
			isa = PBXVariantGroup;
			children = (
				375259FB29FE79910062759C /* Base */,
			);
			name = Main.storyboard;
			sourceTree = "<group>";
		};
		375259FF29FE79920062759C /* LaunchScreen.storyboard */ = {
			isa = PBXVariantGroup;
			children = (
				37525A0029FE79920062759C /* Base */,
			);
			name = LaunchScreen.storyboard;
			sourceTree = "<group>";
		};
/* End PBXVariantGroup section */

/* Begin XCBuildConfiguration section */
		37525A0329FE79920062759C /* Debug */ = {
			isa = XCBuildConfiguration;
			buildSettings = {
				ALWAYS_SEARCH_USER_PATHS = NO;
				CLANG_ANALYZER_NONNULL = YES;
				CLANG_ANALYZER_NUMBER_OBJECT_CONVERSION = YES_AGGRESSIVE;
				CLANG_CXX_LANGUAGE_STANDARD = "gnu++20";
				CLANG_ENABLE_MODULES = YES;
				CLANG_ENABLE_OBJC_ARC = YES;
				CLANG_ENABLE_OBJC_WEAK = YES;
				CLANG_WARN_BLOCK_CAPTURE_AUTORELEASING = YES;
				CLANG_WARN_BOOL_CONVERSION = YES;
				CLANG_WARN_COMMA = YES;
				CLANG_WARN_CONSTANT_CONVERSION = YES;
				CLANG_WARN_DEPRECATED_OBJC_IMPLEMENTATIONS = YES;
				CLANG_WARN_DIRECT_OBJC_ISA_USAGE = YES_ERROR;
				CLANG_WARN_DOCUMENTATION_COMMENTS = YES;
				CLANG_WARN_EMPTY_BODY = YES;
				CLANG_WARN_ENUM_CONVERSION = YES;
				CLANG_WARN_INFINITE_RECURSION = YES;
				CLANG_WARN_INT_CONVERSION = YES;
				CLANG_WARN_NON_LITERAL_NULL_CONVERSION = YES;
				CLANG_WARN_OBJC_IMPLICIT_RETAIN_SELF = YES;
				CLANG_WARN_OBJC_LITERAL_CONVERSION = YES;
				CLANG_WARN_OBJC_ROOT_CLASS = YES_ERROR;
				CLANG_WARN_QUOTED_INCLUDE_IN_FRAMEWORK_HEADER = YES;
				CLANG_WARN_RANGE_LOOP_ANALYSIS = YES;
				CLANG_WARN_STRICT_PROTOTYPES = YES;
				CLANG_WARN_SUSPICIOUS_MOVE = YES;
				CLANG_WARN_UNGUARDED_AVAILABILITY = YES_AGGRESSIVE;
				CLANG_WARN_UNREACHABLE_CODE = YES;
				CLANG_WARN__DUPLICATE_METHOD_MATCH = YES;
				COPY_PHASE_STRIP = NO;
				DEBUG_INFORMATION_FORMAT = dwarf;
				ENABLE_STRICT_OBJC_MSGSEND = YES;
				ENABLE_TESTABILITY = YES;
				GCC_C_LANGUAGE_STANDARD = gnu11;
				GCC_DYNAMIC_NO_PIC = NO;
				GCC_NO_COMMON_BLOCKS = YES;
				GCC_OPTIMIZATION_LEVEL = 0;
				GCC_PREPROCESSOR_DEFINITIONS = (
					"DEBUG=1",
					"$(inherited)",
				);
				GCC_WARN_64_TO_32_BIT_CONVERSION = YES;
				GCC_WARN_ABOUT_RETURN_TYPE = YES_ERROR;
				GCC_WARN_UNDECLARED_SELECTOR = YES;
				GCC_WARN_UNINITIALIZED_AUTOS = YES_AGGRESSIVE;
				GCC_WARN_UNUSED_FUNCTION = YES;
				GCC_WARN_UNUSED_VARIABLE = YES;
				INFOPLIST_KEY_UIStatusBarStyle = UIStatusBarStyleDefault;
				IPHONEOS_DEPLOYMENT_TARGET = 16.4;
				MTL_ENABLE_DEBUG_INFO = INCLUDE_SOURCE;
				MTL_FAST_MATH = YES;
				ONLY_ACTIVE_ARCH = YES;
				SDKROOT = iphoneos;
				SWIFT_ACTIVE_COMPILATION_CONDITIONS = DEBUG;
				SWIFT_OPTIMIZATION_LEVEL = "-Onone";
			};
			name = Debug;
		};
		37525A0429FE79920062759C /* Release */ = {
			isa = XCBuildConfiguration;
			buildSettings = {
				ALWAYS_SEARCH_USER_PATHS = NO;
				CLANG_ANALYZER_NONNULL = YES;
				CLANG_ANALYZER_NUMBER_OBJECT_CONVERSION = YES_AGGRESSIVE;
				CLANG_CXX_LANGUAGE_STANDARD = "gnu++20";
				CLANG_ENABLE_MODULES = YES;
				CLANG_ENABLE_OBJC_ARC = YES;
				CLANG_ENABLE_OBJC_WEAK = YES;
				CLANG_WARN_BLOCK_CAPTURE_AUTORELEASING = YES;
				CLANG_WARN_BOOL_CONVERSION = YES;
				CLANG_WARN_COMMA = YES;
				CLANG_WARN_CONSTANT_CONVERSION = YES;
				CLANG_WARN_DEPRECATED_OBJC_IMPLEMENTATIONS = YES;
				CLANG_WARN_DIRECT_OBJC_ISA_USAGE = YES_ERROR;
				CLANG_WARN_DOCUMENTATION_COMMENTS = YES;
				CLANG_WARN_EMPTY_BODY = YES;
				CLANG_WARN_ENUM_CONVERSION = YES;
				CLANG_WARN_INFINITE_RECURSION = YES;
				CLANG_WARN_INT_CONVERSION = YES;
				CLANG_WARN_NON_LITERAL_NULL_CONVERSION = YES;
				CLANG_WARN_OBJC_IMPLICIT_RETAIN_SELF = YES;
				CLANG_WARN_OBJC_LITERAL_CONVERSION = YES;
				CLANG_WARN_OBJC_ROOT_CLASS = YES_ERROR;
				CLANG_WARN_QUOTED_INCLUDE_IN_FRAMEWORK_HEADER = YES;
				CLANG_WARN_RANGE_LOOP_ANALYSIS = YES;
				CLANG_WARN_STRICT_PROTOTYPES = YES;
				CLANG_WARN_SUSPICIOUS_MOVE = YES;
				CLANG_WARN_UNGUARDED_AVAILABILITY = YES_AGGRESSIVE;
				CLANG_WARN_UNREACHABLE_CODE = YES;
				CLANG_WARN__DUPLICATE_METHOD_MATCH = YES;
				COPY_PHASE_STRIP = NO;
				DEBUG_INFORMATION_FORMAT = "dwarf-with-dsym";
				ENABLE_NS_ASSERTIONS = NO;
				ENABLE_STRICT_OBJC_MSGSEND = YES;
				GCC_C_LANGUAGE_STANDARD = gnu11;
				GCC_NO_COMMON_BLOCKS = YES;
				GCC_WARN_64_TO_32_BIT_CONVERSION = YES;
				GCC_WARN_ABOUT_RETURN_TYPE = YES_ERROR;
				GCC_WARN_UNDECLARED_SELECTOR = YES;
				GCC_WARN_UNINITIALIZED_AUTOS = YES_AGGRESSIVE;
				GCC_WARN_UNUSED_FUNCTION = YES;
				GCC_WARN_UNUSED_VARIABLE = YES;
				INFOPLIST_KEY_UIStatusBarStyle = UIStatusBarStyleDefault;
				IPHONEOS_DEPLOYMENT_TARGET = 16.4;
				MTL_ENABLE_DEBUG_INFO = NO;
				MTL_FAST_MATH = YES;
				SDKROOT = iphoneos;
				SWIFT_COMPILATION_MODE = wholemodule;
				SWIFT_OPTIMIZATION_LEVEL = "-O";
				VALIDATE_PRODUCT = YES;
			};
			name = Release;
		};
		37525A0629FE79920062759C /* Debug */ = {
			isa = XCBuildConfiguration;
			buildSettings = {
				ASSETCATALOG_COMPILER_APPICON_NAME = AppIcon;
				ASSETCATALOG_COMPILER_GLOBAL_ACCENT_COLOR_NAME = AccentColor;
				CODE_SIGN_STYLE = Automatic;
				CURRENT_PROJECT_VERSION = 1;
				DEVELOPMENT_TEAM = HFUZRNK8D4;
				GENERATE_INFOPLIST_FILE = YES;
				INFOPLIST_FILE = ImageFeed/Info.plist;
				INFOPLIST_KEY_LSApplicationCategoryType = "";
				INFOPLIST_KEY_UIApplicationSupportsIndirectInputEvents = YES;
				INFOPLIST_KEY_UILaunchStoryboardName = LaunchScreen;
				INFOPLIST_KEY_UIMainStoryboardFile = Main;
				INFOPLIST_KEY_UIStatusBarHidden = YES;
				INFOPLIST_KEY_UIStatusBarStyle = UIStatusBarStyleDefault;
				INFOPLIST_KEY_UISupportedInterfaceOrientations = UIInterfaceOrientationPortrait;
				IPHONEOS_DEPLOYMENT_TARGET = 13.0;
				LD_RUNPATH_SEARCH_PATHS = (
					"$(inherited)",
					"@executable_path/Frameworks",
				);
				MARKETING_VERSION = 1.0;
				PRODUCT_BUNDLE_IDENTIFIER = com.github.Skoch33.ImageFeed;
				PRODUCT_NAME = "$(TARGET_NAME)";
				SUPPORTED_PLATFORMS = "iphoneos iphonesimulator";
				SUPPORTS_MACCATALYST = NO;
				SUPPORTS_MAC_DESIGNED_FOR_IPHONE_IPAD = NO;
				SWIFT_EMIT_LOC_STRINGS = YES;
				SWIFT_VERSION = 5.0;
				TARGETED_DEVICE_FAMILY = 1;
			};
			name = Debug;
		};
		37525A0729FE79920062759C /* Release */ = {
			isa = XCBuildConfiguration;
			buildSettings = {
				ASSETCATALOG_COMPILER_APPICON_NAME = AppIcon;
				ASSETCATALOG_COMPILER_GLOBAL_ACCENT_COLOR_NAME = AccentColor;
				CODE_SIGN_STYLE = Automatic;
				CURRENT_PROJECT_VERSION = 1;
				DEVELOPMENT_TEAM = HFUZRNK8D4;
				GENERATE_INFOPLIST_FILE = YES;
				INFOPLIST_FILE = ImageFeed/Info.plist;
				INFOPLIST_KEY_LSApplicationCategoryType = "";
				INFOPLIST_KEY_UIApplicationSupportsIndirectInputEvents = YES;
				INFOPLIST_KEY_UILaunchStoryboardName = LaunchScreen;
				INFOPLIST_KEY_UIMainStoryboardFile = Main;
				INFOPLIST_KEY_UIStatusBarHidden = YES;
				INFOPLIST_KEY_UIStatusBarStyle = UIStatusBarStyleDefault;
				INFOPLIST_KEY_UISupportedInterfaceOrientations = UIInterfaceOrientationPortrait;
				IPHONEOS_DEPLOYMENT_TARGET = 13.0;
				LD_RUNPATH_SEARCH_PATHS = (
					"$(inherited)",
					"@executable_path/Frameworks",
				);
				MARKETING_VERSION = 1.0;
				PRODUCT_BUNDLE_IDENTIFIER = com.github.Skoch33.ImageFeed;
				PRODUCT_NAME = "$(TARGET_NAME)";
				SUPPORTED_PLATFORMS = "iphoneos iphonesimulator";
				SUPPORTS_MACCATALYST = NO;
				SUPPORTS_MAC_DESIGNED_FOR_IPHONE_IPAD = NO;
				SWIFT_EMIT_LOC_STRINGS = YES;
				SWIFT_VERSION = 5.0;
				TARGETED_DEVICE_FAMILY = 1;
			};
			name = Release;
		};
/* End XCBuildConfiguration section */

/* Begin XCConfigurationList section */
		375259EC29FE79910062759C /* Build configuration list for PBXProject "ImageFeed" */ = {
			isa = XCConfigurationList;
			buildConfigurations = (
				37525A0329FE79920062759C /* Debug */,
				37525A0429FE79920062759C /* Release */,
			);
			defaultConfigurationIsVisible = 0;
			defaultConfigurationName = Release;
		};
		37525A0529FE79920062759C /* Build configuration list for PBXNativeTarget "ImageFeed" */ = {
			isa = XCConfigurationList;
			buildConfigurations = (
				37525A0629FE79920062759C /* Debug */,
				37525A0729FE79920062759C /* Release */,
			);
			defaultConfigurationIsVisible = 0;
			defaultConfigurationName = Release;
		};
/* End XCConfigurationList section */

/* Begin XCRemoteSwiftPackageReference section */
		37D6F2072A44809B009AE093 /* XCRemoteSwiftPackageReference "SwiftKeychainWrapper" */ = {
			isa = XCRemoteSwiftPackageReference;
			repositoryURL = "https://github.com/jrendel/SwiftKeychainWrapper";
			requirement = {
				kind = upToNextMajorVersion;
				minimumVersion = 4.0.0;
			};
		};
		37EFD5E52A337F1A007ADEB6 /* XCRemoteSwiftPackageReference "ProgressHUD" */ = {
			isa = XCRemoteSwiftPackageReference;
			repositoryURL = "https://github.com/relatedcode/ProgressHUD";
			requirement = {
				kind = upToNextMajorVersion;
				minimumVersion = 13.0.0;
			};
		};
		37EFD5FD2A378104007ADEB6 /* XCRemoteSwiftPackageReference "Kingfisher" */ = {
			isa = XCRemoteSwiftPackageReference;
			repositoryURL = "https://github.com/onevcat/Kingfisher.git";
			requirement = {
				kind = upToNextMajorVersion;
				minimumVersion = 7.0.0;
			};
		};
/* End XCRemoteSwiftPackageReference section */

/* Begin XCSwiftPackageProductDependency section */
		37D6F2082A44809B009AE093 /* SwiftKeychainWrapper */ = {
			isa = XCSwiftPackageProductDependency;
			package = 37D6F2072A44809B009AE093 /* XCRemoteSwiftPackageReference "SwiftKeychainWrapper" */;
			productName = SwiftKeychainWrapper;
		};
		37EFD5E62A337F1A007ADEB6 /* ProgressHUD */ = {
			isa = XCSwiftPackageProductDependency;
			package = 37EFD5E52A337F1A007ADEB6 /* XCRemoteSwiftPackageReference "ProgressHUD" */;
			productName = ProgressHUD;
		};
		37EFD5FE2A378104007ADEB6 /* Kingfisher */ = {
			isa = XCSwiftPackageProductDependency;
			package = 37EFD5FD2A378104007ADEB6 /* XCRemoteSwiftPackageReference "Kingfisher" */;
			productName = Kingfisher;
		};
/* End XCSwiftPackageProductDependency section */
	};
	rootObject = 375259E929FE79910062759C /* Project object */;
}
